{
  "version": 4,
  "terraform_version": "1.6.0",
  "serial": 583,
  "lineage": "fc6d8a2f-b71e-6957-5425-f7032b275116",
  "outputs": {
    "virtual_network_id": {
      "value": "/subscriptions/52ef1092-0bdf-4ef0-a7da-0819db8fbaf7/resourceGroups/NA-dev-rg/providers/Microsoft.Network/virtualNetworks/NA-dev-vnet",
      "type": "string"
    },
    "virtual_network_name": {
      "value": "NA-dev-vnet",
      "type": "string"
    },
    "web_linuxvm_network_interface_id": {
      "value": "/subscriptions/52ef1092-0bdf-4ef0-a7da-0819db8fbaf7/resourceGroups/NA-dev-rg/providers/Microsoft.Network/networkInterfaces/NA-dev-web-linuxvm-nic",
      "type": "string"
    },
    "web_linuxvm_network_interface_private_ip_addresses": {
      "value": [
        [
          "10.1.1.4"
        ]
      ],
      "type": [
        "tuple",
        [
          [
            "list",
            "string"
          ]
        ]
      ]
    },
    "web_linuxvm_private_ip_address": {
      "value": "10.1.1.4",
      "type": "string"
    },
    "web_linuxvm_public_ip": {
      "value": "172.200.46.136",
      "type": "string"
    },
    "web_linuxvm_public_ip_address": {
      "value": "172.200.46.136",
      "type": "string"
    },
    "web_linuxvm_virtual_machine_id": {
      "value": "/subscriptions/52ef1092-0bdf-4ef0-a7da-0819db8fbaf7/resourceGroups/NA-dev-rg/providers/Microsoft.Compute/virtualMachines/NA-dev-web-linuxvm",
      "type": "string"
    },
    "web_linuxvm_virtual_machine_id_128bit": {
      "value": "8587e85d-fd15-478f-ad65-a2f88194a20f",
      "type": "string"
    },
    "web_subnet_id": {
      "value": "/subscriptions/52ef1092-0bdf-4ef0-a7da-0819db8fbaf7/resourceGroups/NA-dev-rg/providers/Microsoft.Network/virtualNetworks/NA-dev-vnet/subnets/NA-dev-vnet-websubnet",
      "type": "string"
    },
    "web_subnet_name": {
      "value": "NA-dev-vnet-websubnet",
      "type": "string"
    },
    "web_subnet_nsg_id": {
      "value": "/subscriptions/52ef1092-0bdf-4ef0-a7da-0819db8fbaf7/resourceGroups/NA-dev-rg/providers/Microsoft.Network/networkSecurityGroups/NA-dev-vnet-websubnet-nsg",
      "type": "string"
    },
    "web_subnet_nsg_name": {
      "value": "NA-dev-vnet-websubnet-nsg",
      "type": "string"
    }
  },
  "resources": [
    {
      "mode": "managed",
      "type": "azurerm_linux_virtual_machine",
      "name": "web_linuxvm",
      "provider": "provider[\"registry.terraform.io/hashicorp/azurerm\"]",
      "instances": [
        {
          "schema_version": 0,
          "attributes": {
            "additional_capabilities": [],
            "admin_password": null,
            "admin_ssh_key": [
              {
                "public_key": "ssh-rsa AAAAB3NzaC1yc2EAAAADAQABAAACAQDlQpvpnRwpgpADoHbHU1oXOplO2IA0LFqYXs8fvxE8dX22PRfqFi3hGbG8zg7HAYSqyOjDLnoxT5YZpB4Ns4AVK5iJ0hMTyJZhQoye7yYQ/i417tJSAFNRAXlGzIZ0+6fWpXQFppfJtFalMSXWsTUNDNtESbARnqJJaYmRm89uAmP+CGyX9SJbJmWBwt41podeLOMJx1cGBC4MOwjzLo9o4N5e/452keFquiZMXkmC+mTdkmAxeT+HqnBp1VrRNlUaEi62szLjXRrRcmhTKD9+e+3Q2Y48cPbo8KQ3U3l+TjSlZSIggGTSOWiqaF8e+u0cXmONm1j1YOclj7xE06k5jiWgF5cVKfFzIUF0eOoN2pUYRmLwWpq25ALQx0m2upw7znSCjMMOl/9/5pv5SV5M889v1Ukn7IvfavcYRbqe5jGSzGMBw61K7UUoojmuXljAiSJeF5lt18rNSf8ipC0ds7reUM+82l3vhjrDF/HU4wmjOShFx11wKNhjFdVK3AiEl34wjMwMXhWcmtce4wISa9VuKpUrqZwkBAmVuT0aQ+t5ZdVRCrDokdQLbdH1eY5i3QClO4jQnBDQp6oq9VFlsSssFd3uyxuQ8tPpv83mNMaEh+TYsx2uYMFU9WnZ7Iww2J4vsjZbMYdPrbZi1P4BUZ9LVeHIzyhylHMmNO7itw== azureuser@myserver\n",
                "username": "azureuser"
              }
            ],
            "admin_username": "azureuser",
            "allow_extension_operations": true,
            "availability_set_id": "",
            "boot_diagnostics": [],
            "computer_name": "NA-dev-web-linuxvm",
            "custom_data": "IyEvYmluL3NoCiMhL2Jpbi9zaAojc3VkbyB5dW0gdXBkYXRlIC15CnN1ZG8gdXNlcmFkZCBhcGFjaGUKc3VkbyB5dW0gaW5zdGFsbCAteSBodHRwZApzdWRvIHN5c3RlbWN0bCBlbmFibGUgaHR0cGQKc3VkbyBzeXN0ZW1jdGwgc3RhcnQgaHR0cGQgIApzdWRvIHN5c3RlbWN0bCBzdG9wIGZpcmV3YWxsZApzdWRvIHN5c3RlbWN0bCBkaXNhYmxlIGZpcmV3YWxsZApzdWRvIGNobW9kIC1SIDc3NyAvdmFyL3d3dy9odG1sIApzdWRvIGVjaG8gIldlbGNvbWUgdG8gbXkgQXp1cmUgLSBXZWJWTSBBcHAxIC0gVk0gSG9zdG5hbWU6ICQoaG9zdG5hbWUpIiA+IC92YXIvd3d3L2h0bWwvaW5kZXguaHRtbApzdWRvIG1rZGlyIC92YXIvd3d3L2h0bWwvYXBwMQpzdWRvIGVjaG8gIldlbGNvbWUgdG8gbXkgQXp1cmUgLSBXZWJWTSBBcHAxIC0gVk0gSG9zdG5hbWU6ICQoaG9zdG5hbWUpIiA+IC92YXIvd3d3L2h0bWwvYXBwMS9ob3N0bmFtZS5odG1sCnN1ZG8gZWNobyAiV2VsY29tZSB0byBteSBBenVyZSAtIFdlYlZNIEFwcDEgLSBBcHAgU3RhdHVzIFBhZ2UiID4gL3Zhci93d3cvaHRtbC9hcHAxL3N0YXR1cy5odG1sCnN1ZG8gZWNobyAnPCFET0NUWVBFIGh0bWw+IDxodG1sPiA8Ym9keSBzdHlsZT0iYmFja2dyb3VuZC1jb2xvcjpyZ2IoMjUwLCAyMTAsIDIxMCk7Ij4gPGgxPldlbGNvbWUgdG8gU3RhY2sgU2ltcGxpZnkgLSBXZWJWTSBBUFAtMSA8L2gxPiA8cD5UZXJyYWZvcm0gRGVtbzwvcD4gPHA+QXBwbGljYXRpb24gVmVyc2lvbjogVjE8L3A+IDwvYm9keT48L2h0bWw+JyB8IHN1ZG8gdGVlIC92YXIvd3d3L2h0bWwvYXBwMS9pbmRleC5odG1sCnN1ZG8gY3VybCAtSCAiTWV0YWRhdGE6dHJ1ZSIgLS1ub3Byb3h5ICIqIiAiaHR0cDovLzE2OS4yNTQuMTY5LjI1NC9tZXRhZGF0YS9pbnN0YW5jZT9hcGktdmVyc2lvbj0yMDIwLTA5LTAxIiAtbyAvdmFyL3d3dy9odG1sL2FwcDEvbWV0YWRhdGEuaHRtbAo=",
            "dedicated_host_group_id": "",
            "dedicated_host_id": "",
            "disable_password_authentication": true,
            "edge_zone": "",
            "encryption_at_host_enabled": false,
            "eviction_policy": "",
            "extensions_time_budget": "PT1H30M",
            "id": "/subscriptions/52ef1092-0bdf-4ef0-a7da-0819db8fbaf7/resourceGroups/NA-dev-rg/providers/Microsoft.Compute/virtualMachines/NA-dev-web-linuxvm",
            "identity": [],
            "license_type": "",
            "location": "eastus2",
            "max_bid_price": -1,
            "name": "NA-dev-web-linuxvm",
            "network_interface_ids": [
              "/subscriptions/52ef1092-0bdf-4ef0-a7da-0819db8fbaf7/resourceGroups/NA-dev-rg/providers/Microsoft.Network/networkInterfaces/NA-dev-web-linuxvm-nic"
            ],
            "os_disk": [
              {
                "caching": "ReadWrite",
                "diff_disk_settings": [],
                "disk_encryption_set_id": "",
                "disk_size_gb": 64,
                "name": "NA-dev-web-linuxvm_OsDisk_1_2080288d07774258a74b628e2389721c",
                "storage_account_type": "Standard_LRS",
                "write_accelerator_enabled": false
              }
            ],
            "patch_mode": "ImageDefault",
            "plan": [],
            "platform_fault_domain": -1,
            "priority": "Regular",
            "private_ip_address": "10.1.1.4",
            "private_ip_addresses": [
              "10.1.1.4"
            ],
            "provision_vm_agent": true,
            "proximity_placement_group_id": "",
            "public_ip_address": "172.200.46.136",
            "public_ip_addresses": [
              "172.200.46.136"
            ],
            "resource_group_name": "NA-dev-rg",
            "secret": [],
            "secure_boot_enabled": false,
            "size": "Standard_B1s",
            "source_image_id": "",
            "source_image_reference": [
              {
                "offer": "RHEL",
                "publisher": "RedHat",
                "sku": "8-lvm-gen2",
                "version": "latest"
              }
            ],
            "tags": null,
            "termination_notification": null,
            "timeouts": null,
            "user_data": "",
            "virtual_machine_id": "8587e85d-fd15-478f-ad65-a2f88194a20f",
            "virtual_machine_scale_set_id": "",
            "vtpm_enabled": false,
            "zone": ""
          },
          "sensitive_attributes": [],
          "private": "eyJlMmJmYjczMC1lY2FhLTExZTYtOGY4OC0zNDM2M2JjN2M0YzAiOnsiY3JlYXRlIjoyNzAwMDAwMDAwMDAwLCJkZWxldGUiOjI3MDAwMDAwMDAwMDAsInJlYWQiOjMwMDAwMDAwMDAwMCwidXBkYXRlIjoyNzAwMDAwMDAwMDAwfX0=",
          "dependencies": [
            "azurerm_network_interface.web_linuxvm_nic",
            "azurerm_public_ip.web_linuxvm_publicip",
            "azurerm_resource_group.rg-vnet",
            "azurerm_subnet.websubnet",
            "azurerm_virtual_network.vnet"
          ]
        }
      ]
    },
    {
      "mode": "managed",
      "type": "azurerm_network_interface",
      "name": "web_linuxvm_nic",
      "provider": "provider[\"registry.terraform.io/hashicorp/azurerm\"]",
      "instances": [
        {
          "schema_version": 0,
          "attributes": {
            "applied_dns_servers": [],
            "dns_servers": [],
            "edge_zone": "",
            "enable_accelerated_networking": false,
            "enable_ip_forwarding": false,
            "id": "/subscriptions/52ef1092-0bdf-4ef0-a7da-0819db8fbaf7/resourceGroups/NA-dev-rg/providers/Microsoft.Network/networkInterfaces/NA-dev-web-linuxvm-nic",
            "internal_dns_name_label": "",
            "internal_domain_name_suffix": "5hxyxt5fwryu1kplrxuvr0bvzg.cx.internal.cloudapp.net",
            "ip_configuration": [
              {
                "gateway_load_balancer_frontend_ip_configuration_id": "",
                "name": "web-linuxvm-ip-1",
                "primary": true,
                "private_ip_address": "10.1.1.4",
                "private_ip_address_allocation": "Dynamic",
                "private_ip_address_version": "IPv4",
                "public_ip_address_id": "/subscriptions/52ef1092-0bdf-4ef0-a7da-0819db8fbaf7/resourceGroups/NA-dev-rg/providers/Microsoft.Network/publicIPAddresses/NA-dev-linuxvm-publicip",
                "subnet_id": "/subscriptions/52ef1092-0bdf-4ef0-a7da-0819db8fbaf7/resourceGroups/NA-dev-rg/providers/Microsoft.Network/virtualNetworks/NA-dev-vnet/subnets/NA-dev-vnet-websubnet"
              }
            ],
            "location": "eastus2",
            "mac_address": "",
            "name": "NA-dev-web-linuxvm-nic",
            "private_ip_address": "10.1.1.4",
            "private_ip_addresses": [
              "10.1.1.4"
            ],
            "resource_group_name": "NA-dev-rg",
            "tags": null,
            "timeouts": null,
            "virtual_machine_id": ""
          },
          "sensitive_attributes": [],
          "private": "eyJlMmJmYjczMC1lY2FhLTExZTYtOGY4OC0zNDM2M2JjN2M0YzAiOnsiY3JlYXRlIjoxODAwMDAwMDAwMDAwLCJkZWxldGUiOjE4MDAwMDAwMDAwMDAsInJlYWQiOjMwMDAwMDAwMDAwMCwidXBkYXRlIjoxODAwMDAwMDAwMDAwfX0=",
          "dependencies": [
            "azurerm_public_ip.web_linuxvm_publicip",
            "azurerm_resource_group.rg-vnet",
            "azurerm_subnet.websubnet",
            "azurerm_virtual_network.vnet"
          ]
        }
      ]
    },
    {
      "mode": "managed",
      "type": "azurerm_network_interface_security_group_association",
      "name": "web_vmnic_nsg_associate",
      "provider": "provider[\"registry.terraform.io/hashicorp/azurerm\"]",
      "instances": [
        {
          "schema_version": 0,
          "attributes": {
            "id": "/subscriptions/52ef1092-0bdf-4ef0-a7da-0819db8fbaf7/resourceGroups/NA-dev-rg/providers/Microsoft.Network/networkInterfaces/NA-dev-web-linuxvm-nic|/subscriptions/52ef1092-0bdf-4ef0-a7da-0819db8fbaf7/resourceGroups/NA-dev-rg/providers/Microsoft.Network/networkSecurityGroups/NA-dev-web-linuxvm-nic-nsg",
            "network_interface_id": "/subscriptions/52ef1092-0bdf-4ef0-a7da-0819db8fbaf7/resourceGroups/NA-dev-rg/providers/Microsoft.Network/networkInterfaces/NA-dev-web-linuxvm-nic",
            "network_security_group_id": "/subscriptions/52ef1092-0bdf-4ef0-a7da-0819db8fbaf7/resourceGroups/NA-dev-rg/providers/Microsoft.Network/networkSecurityGroups/NA-dev-web-linuxvm-nic-nsg",
            "timeouts": null
          },
          "sensitive_attributes": [],
          "private": "eyJlMmJmYjczMC1lY2FhLTExZTYtOGY4OC0zNDM2M2JjN2M0YzAiOnsiY3JlYXRlIjoxODAwMDAwMDAwMDAwLCJkZWxldGUiOjE4MDAwMDAwMDAwMDAsInJlYWQiOjMwMDAwMDAwMDAwMCwidXBkYXRlIjoxODAwMDAwMDAwMDAwfX0=",
          "dependencies": [
            "azurerm_network_interface.web_linuxvm_nic",
            "azurerm_network_security_group.web_vmnic_nsg",
            "azurerm_network_security_rule.web_vmnic_nsg_rule_inbound",
            "azurerm_public_ip.web_linuxvm_publicip",
            "azurerm_resource_group.rg-vnet",
            "azurerm_subnet.websubnet",
            "azurerm_virtual_network.vnet"
          ]
        }
      ]
    },
    {
      "mode": "managed",
      "type": "azurerm_network_security_group",
      "name": "app_subnet_nsg",
      "provider": "provider[\"registry.terraform.io/hashicorp/azurerm\"]",
      "instances": [
        {
          "schema_version": 0,
          "attributes": {
            "id": "/subscriptions/52ef1092-0bdf-4ef0-a7da-0819db8fbaf7/resourceGroups/NA-dev-rg/providers/Microsoft.Network/networkSecurityGroups/NA-dev-vnet-appsubnet-nsg",
            "location": "eastus2",
            "name": "NA-dev-vnet-appsubnet-nsg",
            "resource_group_name": "NA-dev-rg",
            "security_rule": [],
            "tags": null,
            "timeouts": null
          },
          "sensitive_attributes": [],
          "private": "eyJlMmJmYjczMC1lY2FhLTExZTYtOGY4OC0zNDM2M2JjN2M0YzAiOnsiY3JlYXRlIjoxODAwMDAwMDAwMDAwLCJkZWxldGUiOjE4MDAwMDAwMDAwMDAsInJlYWQiOjMwMDAwMDAwMDAwMCwidXBkYXRlIjoxODAwMDAwMDAwMDAwfX0=",
          "dependencies": [
            "azurerm_resource_group.rg-vnet",
            "azurerm_subnet.appsubnet",
            "azurerm_virtual_network.vnet"
          ]
        }
      ]
    },
    {
      "mode": "managed",
      "type": "azurerm_network_security_group",
      "name": "bastion_subnet_nsg",
      "provider": "provider[\"registry.terraform.io/hashicorp/azurerm\"]",
      "instances": [
        {
          "schema_version": 0,
          "attributes": {
            "id": "/subscriptions/52ef1092-0bdf-4ef0-a7da-0819db8fbaf7/resourceGroups/NA-dev-rg/providers/Microsoft.Network/networkSecurityGroups/NA-dev-vnet-bastionsubnet-nsg",
            "location": "eastus2",
            "name": "NA-dev-vnet-bastionsubnet-nsg",
            "resource_group_name": "NA-dev-rg",
            "security_rule": [],
            "tags": null,
            "timeouts": null
          },
          "sensitive_attributes": [],
          "private": "eyJlMmJmYjczMC1lY2FhLTExZTYtOGY4OC0zNDM2M2JjN2M0YzAiOnsiY3JlYXRlIjoxODAwMDAwMDAwMDAwLCJkZWxldGUiOjE4MDAwMDAwMDAwMDAsInJlYWQiOjMwMDAwMDAwMDAwMCwidXBkYXRlIjoxODAwMDAwMDAwMDAwfX0=",
          "dependencies": [
            "azurerm_resource_group.rg-vnet",
            "azurerm_subnet.bastionsubnet",
            "azurerm_virtual_network.vnet"
          ]
        }
      ]
    },
    {
      "mode": "managed",
      "type": "azurerm_network_security_group",
      "name": "db_subnet_nsg",
      "provider": "provider[\"registry.terraform.io/hashicorp/azurerm\"]",
      "instances": [
        {
          "schema_version": 0,
          "attributes": {
            "id": "/subscriptions/52ef1092-0bdf-4ef0-a7da-0819db8fbaf7/resourceGroups/NA-dev-rg/providers/Microsoft.Network/networkSecurityGroups/NA-dev-vnet-dbsubnet-nsg",
            "location": "eastus2",
            "name": "NA-dev-vnet-dbsubnet-nsg",
            "resource_group_name": "NA-dev-rg",
            "security_rule": [],
            "tags": null,
            "timeouts": null
          },
          "sensitive_attributes": [],
          "private": "eyJlMmJmYjczMC1lY2FhLTExZTYtOGY4OC0zNDM2M2JjN2M0YzAiOnsiY3JlYXRlIjoxODAwMDAwMDAwMDAwLCJkZWxldGUiOjE4MDAwMDAwMDAwMDAsInJlYWQiOjMwMDAwMDAwMDAwMCwidXBkYXRlIjoxODAwMDAwMDAwMDAwfX0=",
          "dependencies": [
            "azurerm_resource_group.rg-vnet",
            "azurerm_subnet.dbsubnet",
            "azurerm_virtual_network.vnet"
          ]
        }
      ]
    },
    {
      "mode": "managed",
      "type": "azurerm_network_security_group",
      "name": "web_subnet_nsg",
      "provider": "provider[\"registry.terraform.io/hashicorp/azurerm\"]",
      "instances": [
        {
          "schema_version": 0,
          "attributes": {
            "id": "/subscriptions/52ef1092-0bdf-4ef0-a7da-0819db8fbaf7/resourceGroups/NA-dev-rg/providers/Microsoft.Network/networkSecurityGroups/NA-dev-vnet-websubnet-nsg",
            "location": "eastus2",
            "name": "NA-dev-vnet-websubnet-nsg",
            "resource_group_name": "NA-dev-rg",
            "security_rule": [],
            "tags": null,
            "timeouts": null
          },
          "sensitive_attributes": [],
          "private": "eyJlMmJmYjczMC1lY2FhLTExZTYtOGY4OC0zNDM2M2JjN2M0YzAiOnsiY3JlYXRlIjoxODAwMDAwMDAwMDAwLCJkZWxldGUiOjE4MDAwMDAwMDAwMDAsInJlYWQiOjMwMDAwMDAwMDAwMCwidXBkYXRlIjoxODAwMDAwMDAwMDAwfX0=",
          "dependencies": [
            "azurerm_resource_group.rg-vnet",
            "azurerm_subnet.websubnet",
            "azurerm_virtual_network.vnet"
          ]
        }
      ]
    },
    {
      "mode": "managed",
      "type": "azurerm_network_security_group",
      "name": "web_vmnic_nsg",
      "provider": "provider[\"registry.terraform.io/hashicorp/azurerm\"]",
      "instances": [
        {
          "schema_version": 0,
          "attributes": {
            "id": "/subscriptions/52ef1092-0bdf-4ef0-a7da-0819db8fbaf7/resourceGroups/NA-dev-rg/providers/Microsoft.Network/networkSecurityGroups/NA-dev-web-linuxvm-nic-nsg",
            "location": "eastus2",
            "name": "NA-dev-web-linuxvm-nic-nsg",
            "resource_group_name": "NA-dev-rg",
            "security_rule": [],
            "tags": null,
            "timeouts": null
          },
          "sensitive_attributes": [],
          "private": "eyJlMmJmYjczMC1lY2FhLTExZTYtOGY4OC0zNDM2M2JjN2M0YzAiOnsiY3JlYXRlIjoxODAwMDAwMDAwMDAwLCJkZWxldGUiOjE4MDAwMDAwMDAwMDAsInJlYWQiOjMwMDAwMDAwMDAwMCwidXBkYXRlIjoxODAwMDAwMDAwMDAwfX0=",
          "dependencies": [
            "azurerm_network_interface.web_linuxvm_nic",
            "azurerm_public_ip.web_linuxvm_publicip",
            "azurerm_resource_group.rg-vnet",
            "azurerm_subnet.websubnet",
            "azurerm_virtual_network.vnet"
          ]
        }
      ]
    },
    {
      "mode": "managed",
      "type": "azurerm_network_security_rule",
      "name": "app_nsg_rule_inbound",
      "provider": "provider[\"registry.terraform.io/hashicorp/azurerm\"]",
      "instances": [
        {
          "index_key": "100",
          "schema_version": 0,
          "attributes": {
            "access": "Allow",
            "description": "",
            "destination_address_prefix": "*",
            "destination_address_prefixes": null,
            "destination_application_security_group_ids": null,
            "destination_port_range": "80",
            "destination_port_ranges": null,
            "direction": "Inbound",
            "id": "/subscriptions/52ef1092-0bdf-4ef0-a7da-0819db8fbaf7/resourceGroups/NA-dev-rg/providers/Microsoft.Network/networkSecurityGroups/NA-dev-vnet-appsubnet-nsg/securityRules/Rule-Port-80",
            "name": "Rule-Port-80",
            "network_security_group_name": "NA-dev-vnet-appsubnet-nsg",
            "priority": 100,
            "protocol": "Tcp",
            "resource_group_name": "NA-dev-rg",
            "source_address_prefix": "*",
            "source_address_prefixes": null,
            "source_application_security_group_ids": null,
            "source_port_range": "*",
            "source_port_ranges": null,
            "timeouts": null
          },
          "sensitive_attributes": [],
          "private": "eyJlMmJmYjczMC1lY2FhLTExZTYtOGY4OC0zNDM2M2JjN2M0YzAiOnsiY3JlYXRlIjoxODAwMDAwMDAwMDAwLCJkZWxldGUiOjE4MDAwMDAwMDAwMDAsInJlYWQiOjMwMDAwMDAwMDAwMCwidXBkYXRlIjoxODAwMDAwMDAwMDAwfX0=",
          "dependencies": [
            "azurerm_network_security_group.app_subnet_nsg",
            "azurerm_resource_group.rg-vnet",
            "azurerm_subnet.appsubnet",
            "azurerm_virtual_network.vnet"
          ]
        },
        {
          "index_key": "110",
          "schema_version": 0,
          "attributes": {
            "access": "Allow",
            "description": "",
            "destination_address_prefix": "*",
            "destination_address_prefixes": null,
            "destination_application_security_group_ids": null,
            "destination_port_range": "443",
            "destination_port_ranges": null,
            "direction": "Inbound",
            "id": "/subscriptions/52ef1092-0bdf-4ef0-a7da-0819db8fbaf7/resourceGroups/NA-dev-rg/providers/Microsoft.Network/networkSecurityGroups/NA-dev-vnet-appsubnet-nsg/securityRules/Rule-Port-443",
            "name": "Rule-Port-443",
            "network_security_group_name": "NA-dev-vnet-appsubnet-nsg",
            "priority": 110,
            "protocol": "Tcp",
            "resource_group_name": "NA-dev-rg",
            "source_address_prefix": "*",
            "source_address_prefixes": null,
            "source_application_security_group_ids": null,
            "source_port_range": "*",
            "source_port_ranges": null,
            "timeouts": null
          },
          "sensitive_attributes": [],
          "private": "eyJlMmJmYjczMC1lY2FhLTExZTYtOGY4OC0zNDM2M2JjN2M0YzAiOnsiY3JlYXRlIjoxODAwMDAwMDAwMDAwLCJkZWxldGUiOjE4MDAwMDAwMDAwMDAsInJlYWQiOjMwMDAwMDAwMDAwMCwidXBkYXRlIjoxODAwMDAwMDAwMDAwfX0=",
          "dependencies": [
            "azurerm_network_security_group.app_subnet_nsg",
            "azurerm_resource_group.rg-vnet",
            "azurerm_subnet.appsubnet",
            "azurerm_virtual_network.vnet"
          ]
        },
        {
          "index_key": "120",
          "schema_version": 0,
          "attributes": {
            "access": "Allow",
            "description": "",
            "destination_address_prefix": "*",
            "destination_address_prefixes": null,
            "destination_application_security_group_ids": null,
            "destination_port_range": "8080",
            "destination_port_ranges": null,
            "direction": "Inbound",
            "id": "/subscriptions/52ef1092-0bdf-4ef0-a7da-0819db8fbaf7/resourceGroups/NA-dev-rg/providers/Microsoft.Network/networkSecurityGroups/NA-dev-vnet-appsubnet-nsg/securityRules/Rule-Port-8080",
            "name": "Rule-Port-8080",
            "network_security_group_name": "NA-dev-vnet-appsubnet-nsg",
            "priority": 120,
            "protocol": "Tcp",
            "resource_group_name": "NA-dev-rg",
            "source_address_prefix": "*",
            "source_address_prefixes": null,
            "source_application_security_group_ids": null,
            "source_port_range": "*",
            "source_port_ranges": null,
            "timeouts": null
          },
          "sensitive_attributes": [],
          "private": "eyJlMmJmYjczMC1lY2FhLTExZTYtOGY4OC0zNDM2M2JjN2M0YzAiOnsiY3JlYXRlIjoxODAwMDAwMDAwMDAwLCJkZWxldGUiOjE4MDAwMDAwMDAwMDAsInJlYWQiOjMwMDAwMDAwMDAwMCwidXBkYXRlIjoxODAwMDAwMDAwMDAwfX0=",
          "dependencies": [
            "azurerm_network_security_group.app_subnet_nsg",
            "azurerm_resource_group.rg-vnet",
            "azurerm_subnet.appsubnet",
            "azurerm_virtual_network.vnet"
          ]
        },
        {
          "index_key": "130",
          "schema_version": 0,
          "attributes": {
            "access": "Allow",
            "description": "",
            "destination_address_prefix": "*",
            "destination_address_prefixes": null,
            "destination_application_security_group_ids": null,
            "destination_port_range": "22",
            "destination_port_ranges": null,
            "direction": "Inbound",
            "id": "/subscriptions/52ef1092-0bdf-4ef0-a7da-0819db8fbaf7/resourceGroups/NA-dev-rg/providers/Microsoft.Network/networkSecurityGroups/NA-dev-vnet-appsubnet-nsg/securityRules/Rule-Port-22",
            "name": "Rule-Port-22",
            "network_security_group_name": "NA-dev-vnet-appsubnet-nsg",
            "priority": 130,
            "protocol": "Tcp",
            "resource_group_name": "NA-dev-rg",
            "source_address_prefix": "*",
            "source_address_prefixes": null,
            "source_application_security_group_ids": null,
            "source_port_range": "*",
            "source_port_ranges": null,
            "timeouts": null
          },
          "sensitive_attributes": [],
          "private": "eyJlMmJmYjczMC1lY2FhLTExZTYtOGY4OC0zNDM2M2JjN2M0YzAiOnsiY3JlYXRlIjoxODAwMDAwMDAwMDAwLCJkZWxldGUiOjE4MDAwMDAwMDAwMDAsInJlYWQiOjMwMDAwMDAwMDAwMCwidXBkYXRlIjoxODAwMDAwMDAwMDAwfX0=",
          "dependencies": [
            "azurerm_network_security_group.app_subnet_nsg",
            "azurerm_resource_group.rg-vnet",
            "azurerm_subnet.appsubnet",
            "azurerm_virtual_network.vnet"
          ]
        }
      ]
    },
    {
      "mode": "managed",
      "type": "azurerm_network_security_rule",
      "name": "bastion_nsg_rule_inbound",
      "provider": "provider[\"registry.terraform.io/hashicorp/azurerm\"]",
      "instances": [
        {
          "index_key": "100",
          "schema_version": 0,
          "attributes": {
            "access": "Allow",
            "description": "",
            "destination_address_prefix": "*",
            "destination_address_prefixes": null,
            "destination_application_security_group_ids": null,
            "destination_port_range": "22",
            "destination_port_ranges": null,
            "direction": "Inbound",
            "id": "/subscriptions/52ef1092-0bdf-4ef0-a7da-0819db8fbaf7/resourceGroups/NA-dev-rg/providers/Microsoft.Network/networkSecurityGroups/NA-dev-vnet-bastionsubnet-nsg/securityRules/Rule-Port-22",
            "name": "Rule-Port-22",
            "network_security_group_name": "NA-dev-vnet-bastionsubnet-nsg",
            "priority": 100,
            "protocol": "Tcp",
            "resource_group_name": "NA-dev-rg",
            "source_address_prefix": "*",
            "source_address_prefixes": null,
            "source_application_security_group_ids": null,
            "source_port_range": "*",
            "source_port_ranges": null,
            "timeouts": null
          },
          "sensitive_attributes": [],
          "private": "eyJlMmJmYjczMC1lY2FhLTExZTYtOGY4OC0zNDM2M2JjN2M0YzAiOnsiY3JlYXRlIjoxODAwMDAwMDAwMDAwLCJkZWxldGUiOjE4MDAwMDAwMDAwMDAsInJlYWQiOjMwMDAwMDAwMDAwMCwidXBkYXRlIjoxODAwMDAwMDAwMDAwfX0=",
          "dependencies": [
            "azurerm_network_security_group.bastion_subnet_nsg",
            "azurerm_resource_group.rg-vnet",
            "azurerm_subnet.bastionsubnet",
            "azurerm_virtual_network.vnet"
          ]
        },
        {
          "index_key": "110",
          "schema_version": 0,
          "attributes": {
            "access": "Allow",
            "description": "",
            "destination_address_prefix": "*",
            "destination_address_prefixes": null,
            "destination_application_security_group_ids": null,
            "destination_port_range": "3389",
            "destination_port_ranges": null,
            "direction": "Inbound",
            "id": "/subscriptions/52ef1092-0bdf-4ef0-a7da-0819db8fbaf7/resourceGroups/NA-dev-rg/providers/Microsoft.Network/networkSecurityGroups/NA-dev-vnet-bastionsubnet-nsg/securityRules/Rule-Port-3389",
            "name": "Rule-Port-3389",
            "network_security_group_name": "NA-dev-vnet-bastionsubnet-nsg",
            "priority": 110,
            "protocol": "Tcp",
            "resource_group_name": "NA-dev-rg",
            "source_address_prefix": "*",
            "source_address_prefixes": null,
            "source_application_security_group_ids": null,
            "source_port_range": "*",
            "source_port_ranges": null,
            "timeouts": null
          },
          "sensitive_attributes": [],
          "private": "eyJlMmJmYjczMC1lY2FhLTExZTYtOGY4OC0zNDM2M2JjN2M0YzAiOnsiY3JlYXRlIjoxODAwMDAwMDAwMDAwLCJkZWxldGUiOjE4MDAwMDAwMDAwMDAsInJlYWQiOjMwMDAwMDAwMDAwMCwidXBkYXRlIjoxODAwMDAwMDAwMDAwfX0=",
          "dependencies": [
            "azurerm_network_security_group.bastion_subnet_nsg",
            "azurerm_resource_group.rg-vnet",
            "azurerm_subnet.bastionsubnet",
            "azurerm_virtual_network.vnet"
          ]
        }
      ]
    },
    {
      "mode": "managed",
      "type": "azurerm_network_security_rule",
      "name": "db_nsg_rule_inbound",
      "provider": "provider[\"registry.terraform.io/hashicorp/azurerm\"]",
      "instances": [
        {
          "index_key": "100",
          "schema_version": 0,
          "attributes": {
            "access": "Allow",
            "description": "",
            "destination_address_prefix": "*",
            "destination_address_prefixes": null,
            "destination_application_security_group_ids": null,
            "destination_port_range": "3306",
            "destination_port_ranges": null,
            "direction": "Inbound",
            "id": "/subscriptions/52ef1092-0bdf-4ef0-a7da-0819db8fbaf7/resourceGroups/NA-dev-rg/providers/Microsoft.Network/networkSecurityGroups/NA-dev-vnet-dbsubnet-nsg/securityRules/Rule-Port-3306",
            "name": "Rule-Port-3306",
            "network_security_group_name": "NA-dev-vnet-dbsubnet-nsg",
            "priority": 100,
            "protocol": "Tcp",
            "resource_group_name": "NA-dev-rg",
            "source_address_prefix": "*",
            "source_address_prefixes": null,
            "source_application_security_group_ids": null,
            "source_port_range": "*",
            "source_port_ranges": null,
            "timeouts": null
          },
          "sensitive_attributes": [],
          "private": "eyJlMmJmYjczMC1lY2FhLTExZTYtOGY4OC0zNDM2M2JjN2M0YzAiOnsiY3JlYXRlIjoxODAwMDAwMDAwMDAwLCJkZWxldGUiOjE4MDAwMDAwMDAwMDAsInJlYWQiOjMwMDAwMDAwMDAwMCwidXBkYXRlIjoxODAwMDAwMDAwMDAwfX0=",
          "dependencies": [
            "azurerm_network_security_group.db_subnet_nsg",
            "azurerm_resource_group.rg-vnet",
            "azurerm_subnet.dbsubnet",
            "azurerm_virtual_network.vnet"
          ]
        },
        {
          "index_key": "110",
          "schema_version": 0,
          "attributes": {
            "access": "Allow",
            "description": "",
            "destination_address_prefix": "*",
            "destination_address_prefixes": null,
            "destination_application_security_group_ids": null,
            "destination_port_range": "1433",
            "destination_port_ranges": null,
            "direction": "Inbound",
            "id": "/subscriptions/52ef1092-0bdf-4ef0-a7da-0819db8fbaf7/resourceGroups/NA-dev-rg/providers/Microsoft.Network/networkSecurityGroups/NA-dev-vnet-dbsubnet-nsg/securityRules/Rule-Port-1433",
            "name": "Rule-Port-1433",
            "network_security_group_name": "NA-dev-vnet-dbsubnet-nsg",
            "priority": 110,
            "protocol": "Tcp",
            "resource_group_name": "NA-dev-rg",
            "source_address_prefix": "*",
            "source_address_prefixes": null,
            "source_application_security_group_ids": null,
            "source_port_range": "*",
            "source_port_ranges": null,
            "timeouts": null
          },
          "sensitive_attributes": [],
          "private": "eyJlMmJmYjczMC1lY2FhLTExZTYtOGY4OC0zNDM2M2JjN2M0YzAiOnsiY3JlYXRlIjoxODAwMDAwMDAwMDAwLCJkZWxldGUiOjE4MDAwMDAwMDAwMDAsInJlYWQiOjMwMDAwMDAwMDAwMCwidXBkYXRlIjoxODAwMDAwMDAwMDAwfX0=",
          "dependencies": [
            "azurerm_network_security_group.db_subnet_nsg",
            "azurerm_resource_group.rg-vnet",
            "azurerm_subnet.dbsubnet",
            "azurerm_virtual_network.vnet"
          ]
        },
        {
          "index_key": "120",
          "schema_version": 0,
          "attributes": {
            "access": "Allow",
            "description": "",
            "destination_address_prefix": "*",
            "destination_address_prefixes": null,
            "destination_application_security_group_ids": null,
            "destination_port_range": "5432",
            "destination_port_ranges": null,
            "direction": "Inbound",
            "id": "/subscriptions/52ef1092-0bdf-4ef0-a7da-0819db8fbaf7/resourceGroups/NA-dev-rg/providers/Microsoft.Network/networkSecurityGroups/NA-dev-vnet-dbsubnet-nsg/securityRules/Rule-Port-5432",
            "name": "Rule-Port-5432",
            "network_security_group_name": "NA-dev-vnet-dbsubnet-nsg",
            "priority": 120,
            "protocol": "Tcp",
            "resource_group_name": "NA-dev-rg",
            "source_address_prefix": "*",
            "source_address_prefixes": null,
            "source_application_security_group_ids": null,
            "source_port_range": "*",
            "source_port_ranges": null,
            "timeouts": null
          },
          "sensitive_attributes": [],
          "private": "eyJlMmJmYjczMC1lY2FhLTExZTYtOGY4OC0zNDM2M2JjN2M0YzAiOnsiY3JlYXRlIjoxODAwMDAwMDAwMDAwLCJkZWxldGUiOjE4MDAwMDAwMDAwMDAsInJlYWQiOjMwMDAwMDAwMDAwMCwidXBkYXRlIjoxODAwMDAwMDAwMDAwfX0=",
          "dependencies": [
            "azurerm_network_security_group.db_subnet_nsg",
            "azurerm_resource_group.rg-vnet",
            "azurerm_subnet.dbsubnet",
            "azurerm_virtual_network.vnet"
          ]
        }
      ]
    },
    {
      "mode": "managed",
      "type": "azurerm_network_security_rule",
      "name": "web_nsg_rule_inbound",
      "provider": "provider[\"registry.terraform.io/hashicorp/azurerm\"]",
      "instances": [
        {
          "index_key": "100",
          "schema_version": 0,
          "attributes": {
            "access": "Allow",
            "description": "",
            "destination_address_prefix": "*",
            "destination_address_prefixes": null,
            "destination_application_security_group_ids": null,
            "destination_port_range": "80",
            "destination_port_ranges": null,
            "direction": "Inbound",
            "id": "/subscriptions/52ef1092-0bdf-4ef0-a7da-0819db8fbaf7/resourceGroups/NA-dev-rg/providers/Microsoft.Network/networkSecurityGroups/NA-dev-vnet-websubnet-nsg/securityRules/Rule-Port-80",
            "name": "Rule-Port-80",
            "network_security_group_name": "NA-dev-vnet-websubnet-nsg",
            "priority": 100,
            "protocol": "Tcp",
            "resource_group_name": "NA-dev-rg",
            "source_address_prefix": "*",
            "source_address_prefixes": null,
            "source_application_security_group_ids": null,
            "source_port_range": "*",
            "source_port_ranges": null,
            "timeouts": null
          },
          "sensitive_attributes": [],
          "private": "eyJlMmJmYjczMC1lY2FhLTExZTYtOGY4OC0zNDM2M2JjN2M0YzAiOnsiY3JlYXRlIjoxODAwMDAwMDAwMDAwLCJkZWxldGUiOjE4MDAwMDAwMDAwMDAsInJlYWQiOjMwMDAwMDAwMDAwMCwidXBkYXRlIjoxODAwMDAwMDAwMDAwfX0=",
          "dependencies": [
            "azurerm_network_security_group.web_subnet_nsg",
            "azurerm_resource_group.rg-vnet",
            "azurerm_subnet.websubnet",
            "azurerm_virtual_network.vnet"
          ]
        },
        {
          "index_key": "110",
          "schema_version": 0,
          "attributes": {
            "access": "Allow",
            "description": "",
            "destination_address_prefix": "*",
            "destination_address_prefixes": null,
            "destination_application_security_group_ids": null,
            "destination_port_range": "443",
            "destination_port_ranges": null,
            "direction": "Inbound",
            "id": "/subscriptions/52ef1092-0bdf-4ef0-a7da-0819db8fbaf7/resourceGroups/NA-dev-rg/providers/Microsoft.Network/networkSecurityGroups/NA-dev-vnet-websubnet-nsg/securityRules/Rule-Port-443",
            "name": "Rule-Port-443",
            "network_security_group_name": "NA-dev-vnet-websubnet-nsg",
            "priority": 110,
            "protocol": "Tcp",
            "resource_group_name": "NA-dev-rg",
            "source_address_prefix": "*",
            "source_address_prefixes": null,
            "source_application_security_group_ids": null,
            "source_port_range": "*",
            "source_port_ranges": null,
            "timeouts": null
          },
          "sensitive_attributes": [],
          "private": "eyJlMmJmYjczMC1lY2FhLTExZTYtOGY4OC0zNDM2M2JjN2M0YzAiOnsiY3JlYXRlIjoxODAwMDAwMDAwMDAwLCJkZWxldGUiOjE4MDAwMDAwMDAwMDAsInJlYWQiOjMwMDAwMDAwMDAwMCwidXBkYXRlIjoxODAwMDAwMDAwMDAwfX0=",
          "dependencies": [
            "azurerm_network_security_group.web_subnet_nsg",
            "azurerm_resource_group.rg-vnet",
            "azurerm_subnet.websubnet",
            "azurerm_virtual_network.vnet"
          ]
        },
        {
          "index_key": "120",
          "schema_version": 0,
          "attributes": {
            "access": "Allow",
            "description": "",
            "destination_address_prefix": "*",
            "destination_address_prefixes": null,
            "destination_application_security_group_ids": null,
            "destination_port_range": "22",
            "destination_port_ranges": null,
            "direction": "Inbound",
            "id": "/subscriptions/52ef1092-0bdf-4ef0-a7da-0819db8fbaf7/resourceGroups/NA-dev-rg/providers/Microsoft.Network/networkSecurityGroups/NA-dev-vnet-websubnet-nsg/securityRules/Rule-Port-22",
            "name": "Rule-Port-22",
            "network_security_group_name": "NA-dev-vnet-websubnet-nsg",
            "priority": 120,
            "protocol": "Tcp",
            "resource_group_name": "NA-dev-rg",
            "source_address_prefix": "*",
            "source_address_prefixes": null,
            "source_application_security_group_ids": null,
            "source_port_range": "*",
            "source_port_ranges": null,
            "timeouts": null
          },
          "sensitive_attributes": [],
          "private": "eyJlMmJmYjczMC1lY2FhLTExZTYtOGY4OC0zNDM2M2JjN2M0YzAiOnsiY3JlYXRlIjoxODAwMDAwMDAwMDAwLCJkZWxldGUiOjE4MDAwMDAwMDAwMDAsInJlYWQiOjMwMDAwMDAwMDAwMCwidXBkYXRlIjoxODAwMDAwMDAwMDAwfX0=",
          "dependencies": [
            "azurerm_network_security_group.web_subnet_nsg",
            "azurerm_resource_group.rg-vnet",
            "azurerm_subnet.websubnet",
            "azurerm_virtual_network.vnet"
          ]
        }
      ]
    },
    {
      "mode": "managed",
      "type": "azurerm_network_security_rule",
      "name": "web_vmnic_nsg_rule_inbound",
      "provider": "provider[\"registry.terraform.io/hashicorp/azurerm\"]",
      "instances": [
        {
          "index_key": "100",
          "schema_version": 0,
          "attributes": {
            "access": "Allow",
            "description": "",
            "destination_address_prefix": "*",
            "destination_address_prefixes": null,
            "destination_application_security_group_ids": null,
            "destination_port_range": "80",
            "destination_port_ranges": null,
            "direction": "Inbound",
            "id": "/subscriptions/52ef1092-0bdf-4ef0-a7da-0819db8fbaf7/resourceGroups/NA-dev-rg/providers/Microsoft.Network/networkSecurityGroups/NA-dev-web-linuxvm-nic-nsg/securityRules/Rule-Port-80",
            "name": "Rule-Port-80",
            "network_security_group_name": "NA-dev-web-linuxvm-nic-nsg",
            "priority": 100,
            "protocol": "Tcp",
            "resource_group_name": "NA-dev-rg",
            "source_address_prefix": "*",
            "source_address_prefixes": null,
            "source_application_security_group_ids": null,
            "source_port_range": "*",
            "source_port_ranges": null,
            "timeouts": null
          },
          "sensitive_attributes": [],
          "private": "eyJlMmJmYjczMC1lY2FhLTExZTYtOGY4OC0zNDM2M2JjN2M0YzAiOnsiY3JlYXRlIjoxODAwMDAwMDAwMDAwLCJkZWxldGUiOjE4MDAwMDAwMDAwMDAsInJlYWQiOjMwMDAwMDAwMDAwMCwidXBkYXRlIjoxODAwMDAwMDAwMDAwfX0=",
          "dependencies": [
            "azurerm_network_interface.web_linuxvm_nic",
            "azurerm_network_security_group.web_vmnic_nsg",
            "azurerm_public_ip.web_linuxvm_publicip",
            "azurerm_resource_group.rg-vnet",
            "azurerm_subnet.websubnet",
            "azurerm_virtual_network.vnet"
          ]
        },
        {
          "index_key": "110",
          "schema_version": 0,
          "attributes": {
            "access": "Allow",
            "description": "",
            "destination_address_prefix": "*",
            "destination_address_prefixes": null,
            "destination_application_security_group_ids": null,
            "destination_port_range": "443",
            "destination_port_ranges": null,
            "direction": "Inbound",
            "id": "/subscriptions/52ef1092-0bdf-4ef0-a7da-0819db8fbaf7/resourceGroups/NA-dev-rg/providers/Microsoft.Network/networkSecurityGroups/NA-dev-web-linuxvm-nic-nsg/securityRules/Rule-Port-443",
            "name": "Rule-Port-443",
            "network_security_group_name": "NA-dev-web-linuxvm-nic-nsg",
            "priority": 110,
            "protocol": "Tcp",
            "resource_group_name": "NA-dev-rg",
            "source_address_prefix": "*",
            "source_address_prefixes": null,
            "source_application_security_group_ids": null,
            "source_port_range": "*",
            "source_port_ranges": null,
            "timeouts": null
          },
          "sensitive_attributes": [],
          "private": "eyJlMmJmYjczMC1lY2FhLTExZTYtOGY4OC0zNDM2M2JjN2M0YzAiOnsiY3JlYXRlIjoxODAwMDAwMDAwMDAwLCJkZWxldGUiOjE4MDAwMDAwMDAwMDAsInJlYWQiOjMwMDAwMDAwMDAwMCwidXBkYXRlIjoxODAwMDAwMDAwMDAwfX0=",
          "dependencies": [
            "azurerm_network_interface.web_linuxvm_nic",
            "azurerm_network_security_group.web_vmnic_nsg",
            "azurerm_public_ip.web_linuxvm_publicip",
            "azurerm_resource_group.rg-vnet",
            "azurerm_subnet.websubnet",
            "azurerm_virtual_network.vnet"
          ]
        },
        {
          "index_key": "120",
          "schema_version": 0,
          "attributes": {
            "access": "Allow",
            "description": "",
            "destination_address_prefix": "*",
            "destination_address_prefixes": null,
            "destination_application_security_group_ids": null,
            "destination_port_range": "22",
            "destination_port_ranges": null,
            "direction": "Inbound",
            "id": "/subscriptions/52ef1092-0bdf-4ef0-a7da-0819db8fbaf7/resourceGroups/NA-dev-rg/providers/Microsoft.Network/networkSecurityGroups/NA-dev-web-linuxvm-nic-nsg/securityRules/Rule-Port-22",
            "name": "Rule-Port-22",
            "network_security_group_name": "NA-dev-web-linuxvm-nic-nsg",
            "priority": 120,
            "protocol": "Tcp",
            "resource_group_name": "NA-dev-rg",
            "source_address_prefix": "*",
            "source_address_prefixes": null,
            "source_application_security_group_ids": null,
            "source_port_range": "*",
            "source_port_ranges": null,
            "timeouts": null
          },
          "sensitive_attributes": [],
          "private": "eyJlMmJmYjczMC1lY2FhLTExZTYtOGY4OC0zNDM2M2JjN2M0YzAiOnsiY3JlYXRlIjoxODAwMDAwMDAwMDAwLCJkZWxldGUiOjE4MDAwMDAwMDAwMDAsInJlYWQiOjMwMDAwMDAwMDAwMCwidXBkYXRlIjoxODAwMDAwMDAwMDAwfX0=",
          "dependencies": [
            "azurerm_network_interface.web_linuxvm_nic",
            "azurerm_network_security_group.web_vmnic_nsg",
            "azurerm_public_ip.web_linuxvm_publicip",
            "azurerm_resource_group.rg-vnet",
            "azurerm_subnet.websubnet",
            "azurerm_virtual_network.vnet"
          ]
        }
      ]
    },
    {
      "mode": "managed",
      "type": "azurerm_public_ip",
      "name": "web_linuxvm_publicip",
      "provider": "provider[\"registry.terraform.io/hashicorp/azurerm\"]",
      "instances": [
        {
          "schema_version": 0,
          "attributes": {
            "allocation_method": "Static",
            "domain_name_label": null,
            "edge_zone": "",
            "fqdn": null,
            "id": "/subscriptions/52ef1092-0bdf-4ef0-a7da-0819db8fbaf7/resourceGroups/NA-dev-rg/providers/Microsoft.Network/publicIPAddresses/NA-dev-linuxvm-publicip",
            "idle_timeout_in_minutes": 4,
            "ip_address": "172.200.46.136",
            "ip_tags": null,
            "ip_version": "IPv4",
            "location": "eastus2",
            "name": "NA-dev-linuxvm-publicip",
            "public_ip_prefix_id": null,
            "resource_group_name": "NA-dev-rg",
            "reverse_fqdn": null,
            "sku": "Standard",
            "sku_tier": "Regional",
            "tags": null,
            "timeouts": null,
            "zones": null
          },
          "sensitive_attributes": [],
          "private": "eyJlMmJmYjczMC1lY2FhLTExZTYtOGY4OC0zNDM2M2JjN2M0YzAiOnsiY3JlYXRlIjoxODAwMDAwMDAwMDAwLCJkZWxldGUiOjE4MDAwMDAwMDAwMDAsInJlYWQiOjMwMDAwMDAwMDAwMCwidXBkYXRlIjoxODAwMDAwMDAwMDAwfX0=",
          "dependencies": [
            "azurerm_resource_group.rg-vnet"
          ]
        }
      ]
    },
    {
      "mode": "managed",
      "type": "azurerm_resource_group",
      "name": "rg-vnet",
      "provider": "provider[\"registry.terraform.io/hashicorp/azurerm\"]",
      "instances": [
        {
          "schema_version": 0,
          "attributes": {
            "id": "/subscriptions/52ef1092-0bdf-4ef0-a7da-0819db8fbaf7/resourceGroups/NA-dev-rg",
            "location": "eastus2",
            "name": "NA-dev-rg",
            "tags": null,
            "timeouts": null
          },
          "sensitive_attributes": [],
          "private": "eyJlMmJmYjczMC1lY2FhLTExZTYtOGY4OC0zNDM2M2JjN2M0YzAiOnsiY3JlYXRlIjo1NDAwMDAwMDAwMDAwLCJkZWxldGUiOjU0MDAwMDAwMDAwMDAsInJlYWQiOjMwMDAwMDAwMDAwMCwidXBkYXRlIjo1NDAwMDAwMDAwMDAwfX0="
        }
      ]
    },
    {
      "mode": "managed",
      "type": "azurerm_subnet",
      "name": "appsubnet",
      "provider": "provider[\"registry.terraform.io/hashicorp/azurerm\"]",
      "instances": [
        {
          "schema_version": 0,
          "attributes": {
            "address_prefixes": [
              "10.1.11.0/24"
            ],
            "delegation": [],
            "enforce_private_link_endpoint_network_policies": false,
            "enforce_private_link_service_network_policies": false,
            "id": "/subscriptions/52ef1092-0bdf-4ef0-a7da-0819db8fbaf7/resourceGroups/NA-dev-rg/providers/Microsoft.Network/virtualNetworks/NA-dev-vnet/subnets/NA-dev-vnet-appsubnet",
            "name": "NA-dev-vnet-appsubnet",
            "resource_group_name": "NA-dev-rg",
            "service_endpoint_policy_ids": null,
            "service_endpoints": null,
            "timeouts": null,
            "virtual_network_name": "NA-dev-vnet"
          },
          "sensitive_attributes": [],
          "private": "eyJlMmJmYjczMC1lY2FhLTExZTYtOGY4OC0zNDM2M2JjN2M0YzAiOnsiY3JlYXRlIjoxODAwMDAwMDAwMDAwLCJkZWxldGUiOjE4MDAwMDAwMDAwMDAsInJlYWQiOjMwMDAwMDAwMDAwMCwidXBkYXRlIjoxODAwMDAwMDAwMDAwfX0=",
          "dependencies": [
            "azurerm_resource_group.rg-vnet",
            "azurerm_virtual_network.vnet"
          ]
        }
      ]
    },
    {
      "mode": "managed",
      "type": "azurerm_subnet",
      "name": "bastionsubnet",
      "provider": "provider[\"registry.terraform.io/hashicorp/azurerm\"]",
      "instances": [
        {
          "schema_version": 0,
          "attributes": {
            "address_prefixes": [
              "10.1.100.0/24"
            ],
            "delegation": [],
            "enforce_private_link_endpoint_network_policies": false,
            "enforce_private_link_service_network_policies": false,
            "id": "/subscriptions/52ef1092-0bdf-4ef0-a7da-0819db8fbaf7/resourceGroups/NA-dev-rg/providers/Microsoft.Network/virtualNetworks/NA-dev-vnet/subnets/NA-dev-vnet-bastionsubnet",
            "name": "NA-dev-vnet-bastionsubnet",
            "resource_group_name": "NA-dev-rg",
            "service_endpoint_policy_ids": null,
            "service_endpoints": null,
            "timeouts": null,
            "virtual_network_name": "NA-dev-vnet"
          },
          "sensitive_attributes": [],
          "private": "eyJlMmJmYjczMC1lY2FhLTExZTYtOGY4OC0zNDM2M2JjN2M0YzAiOnsiY3JlYXRlIjoxODAwMDAwMDAwMDAwLCJkZWxldGUiOjE4MDAwMDAwMDAwMDAsInJlYWQiOjMwMDAwMDAwMDAwMCwidXBkYXRlIjoxODAwMDAwMDAwMDAwfX0=",
          "dependencies": [
            "azurerm_resource_group.rg-vnet",
            "azurerm_virtual_network.vnet"
          ]
        }
      ]
    },
    {
      "mode": "managed",
      "type": "azurerm_subnet",
      "name": "dbsubnet",
      "provider": "provider[\"registry.terraform.io/hashicorp/azurerm\"]",
      "instances": [
        {
          "schema_version": 0,
          "attributes": {
            "address_prefixes": [
              "10.1.21.0/24"
            ],
            "delegation": [],
            "enforce_private_link_endpoint_network_policies": false,
            "enforce_private_link_service_network_policies": false,
            "id": "/subscriptions/52ef1092-0bdf-4ef0-a7da-0819db8fbaf7/resourceGroups/NA-dev-rg/providers/Microsoft.Network/virtualNetworks/NA-dev-vnet/subnets/NA-dev-vnet-dbsubnet",
            "name": "NA-dev-vnet-dbsubnet",
            "resource_group_name": "NA-dev-rg",
            "service_endpoint_policy_ids": null,
            "service_endpoints": null,
            "timeouts": null,
            "virtual_network_name": "NA-dev-vnet"
          },
          "sensitive_attributes": [],
          "private": "eyJlMmJmYjczMC1lY2FhLTExZTYtOGY4OC0zNDM2M2JjN2M0YzAiOnsiY3JlYXRlIjoxODAwMDAwMDAwMDAwLCJkZWxldGUiOjE4MDAwMDAwMDAwMDAsInJlYWQiOjMwMDAwMDAwMDAwMCwidXBkYXRlIjoxODAwMDAwMDAwMDAwfX0=",
          "dependencies": [
            "azurerm_resource_group.rg-vnet",
            "azurerm_virtual_network.vnet"
          ]
        }
      ]
    },
    {
      "mode": "managed",
      "type": "azurerm_subnet",
      "name": "websubnet",
      "provider": "provider[\"registry.terraform.io/hashicorp/azurerm\"]",
      "instances": [
        {
          "schema_version": 0,
          "attributes": {
            "address_prefixes": [
              "10.1.1.0/24"
            ],
            "delegation": [],
            "enforce_private_link_endpoint_network_policies": false,
            "enforce_private_link_service_network_policies": false,
            "id": "/subscriptions/52ef1092-0bdf-4ef0-a7da-0819db8fbaf7/resourceGroups/NA-dev-rg/providers/Microsoft.Network/virtualNetworks/NA-dev-vnet/subnets/NA-dev-vnet-websubnet",
            "name": "NA-dev-vnet-websubnet",
            "resource_group_name": "NA-dev-rg",
            "service_endpoint_policy_ids": null,
            "service_endpoints": null,
            "timeouts": null,
            "virtual_network_name": "NA-dev-vnet"
          },
          "sensitive_attributes": [],
          "private": "eyJlMmJmYjczMC1lY2FhLTExZTYtOGY4OC0zNDM2M2JjN2M0YzAiOnsiY3JlYXRlIjoxODAwMDAwMDAwMDAwLCJkZWxldGUiOjE4MDAwMDAwMDAwMDAsInJlYWQiOjMwMDAwMDAwMDAwMCwidXBkYXRlIjoxODAwMDAwMDAwMDAwfX0=",
          "dependencies": [
            "azurerm_resource_group.rg-vnet",
            "azurerm_virtual_network.vnet"
          ]
        }
      ]
    },
    {
      "mode": "managed",
      "type": "azurerm_subnet_network_security_group_association",
      "name": "app_subnet_nsg_associate",
      "provider": "provider[\"registry.terraform.io/hashicorp/azurerm\"]",
      "instances": [
        {
          "schema_version": 0,
          "attributes": {
            "id": "/subscriptions/52ef1092-0bdf-4ef0-a7da-0819db8fbaf7/resourceGroups/NA-dev-rg/providers/Microsoft.Network/virtualNetworks/NA-dev-vnet/subnets/NA-dev-vnet-appsubnet",
            "network_security_group_id": "/subscriptions/52ef1092-0bdf-4ef0-a7da-0819db8fbaf7/resourceGroups/NA-dev-rg/providers/Microsoft.Network/networkSecurityGroups/NA-dev-vnet-appsubnet-nsg",
            "subnet_id": "/subscriptions/52ef1092-0bdf-4ef0-a7da-0819db8fbaf7/resourceGroups/NA-dev-rg/providers/Microsoft.Network/virtualNetworks/NA-dev-vnet/subnets/NA-dev-vnet-appsubnet",
            "timeouts": null
          },
          "sensitive_attributes": [],
          "private": "eyJlMmJmYjczMC1lY2FhLTExZTYtOGY4OC0zNDM2M2JjN2M0YzAiOnsiY3JlYXRlIjoxODAwMDAwMDAwMDAwLCJkZWxldGUiOjE4MDAwMDAwMDAwMDAsInJlYWQiOjMwMDAwMDAwMDAwMCwidXBkYXRlIjoxODAwMDAwMDAwMDAwfX0=",
          "dependencies": [
            "azurerm_network_security_group.app_subnet_nsg",
            "azurerm_network_security_rule.app_nsg_rule_inbound",
            "azurerm_resource_group.rg-vnet",
            "azurerm_subnet.appsubnet",
            "azurerm_virtual_network.vnet"
          ]
        }
      ]
    },
    {
      "mode": "managed",
      "type": "azurerm_subnet_network_security_group_association",
      "name": "bastion_subnet_nsg_associate",
      "provider": "provider[\"registry.terraform.io/hashicorp/azurerm\"]",
      "instances": [
        {
          "schema_version": 0,
          "attributes": {
            "id": "/subscriptions/52ef1092-0bdf-4ef0-a7da-0819db8fbaf7/resourceGroups/NA-dev-rg/providers/Microsoft.Network/virtualNetworks/NA-dev-vnet/subnets/NA-dev-vnet-bastionsubnet",
            "network_security_group_id": "/subscriptions/52ef1092-0bdf-4ef0-a7da-0819db8fbaf7/resourceGroups/NA-dev-rg/providers/Microsoft.Network/networkSecurityGroups/NA-dev-vnet-bastionsubnet-nsg",
            "subnet_id": "/subscriptions/52ef1092-0bdf-4ef0-a7da-0819db8fbaf7/resourceGroups/NA-dev-rg/providers/Microsoft.Network/virtualNetworks/NA-dev-vnet/subnets/NA-dev-vnet-bastionsubnet",
            "timeouts": null
          },
          "sensitive_attributes": [],
          "private": "eyJlMmJmYjczMC1lY2FhLTExZTYtOGY4OC0zNDM2M2JjN2M0YzAiOnsiY3JlYXRlIjoxODAwMDAwMDAwMDAwLCJkZWxldGUiOjE4MDAwMDAwMDAwMDAsInJlYWQiOjMwMDAwMDAwMDAwMCwidXBkYXRlIjoxODAwMDAwMDAwMDAwfX0=",
          "dependencies": [
            "azurerm_network_security_group.bastion_subnet_nsg",
            "azurerm_network_security_rule.bastion_nsg_rule_inbound",
            "azurerm_resource_group.rg-vnet",
            "azurerm_subnet.bastionsubnet",
            "azurerm_virtual_network.vnet"
          ]
        }
      ]
    },
    {
      "mode": "managed",
      "type": "azurerm_subnet_network_security_group_association",
      "name": "db_subnet_nsg_associate",
      "provider": "provider[\"registry.terraform.io/hashicorp/azurerm\"]",
      "instances": [
        {
          "schema_version": 0,
          "attributes": {
            "id": "/subscriptions/52ef1092-0bdf-4ef0-a7da-0819db8fbaf7/resourceGroups/NA-dev-rg/providers/Microsoft.Network/virtualNetworks/NA-dev-vnet/subnets/NA-dev-vnet-dbsubnet",
            "network_security_group_id": "/subscriptions/52ef1092-0bdf-4ef0-a7da-0819db8fbaf7/resourceGroups/NA-dev-rg/providers/Microsoft.Network/networkSecurityGroups/NA-dev-vnet-dbsubnet-nsg",
            "subnet_id": "/subscriptions/52ef1092-0bdf-4ef0-a7da-0819db8fbaf7/resourceGroups/NA-dev-rg/providers/Microsoft.Network/virtualNetworks/NA-dev-vnet/subnets/NA-dev-vnet-dbsubnet",
            "timeouts": null
          },
          "sensitive_attributes": [],
          "private": "eyJlMmJmYjczMC1lY2FhLTExZTYtOGY4OC0zNDM2M2JjN2M0YzAiOnsiY3JlYXRlIjoxODAwMDAwMDAwMDAwLCJkZWxldGUiOjE4MDAwMDAwMDAwMDAsInJlYWQiOjMwMDAwMDAwMDAwMCwidXBkYXRlIjoxODAwMDAwMDAwMDAwfX0=",
          "dependencies": [
            "azurerm_network_security_group.db_subnet_nsg",
            "azurerm_network_security_rule.db_nsg_rule_inbound",
            "azurerm_resource_group.rg-vnet",
            "azurerm_subnet.dbsubnet",
            "azurerm_virtual_network.vnet"
          ]
        }
      ]
    },
    {
      "mode": "managed",
      "type": "azurerm_subnet_network_security_group_association",
      "name": "web_subnet_nsg_associate",
      "provider": "provider[\"registry.terraform.io/hashicorp/azurerm\"]",
      "instances": [
        {
          "schema_version": 0,
          "attributes": {
            "id": "/subscriptions/52ef1092-0bdf-4ef0-a7da-0819db8fbaf7/resourceGroups/NA-dev-rg/providers/Microsoft.Network/virtualNetworks/NA-dev-vnet/subnets/NA-dev-vnet-websubnet",
            "network_security_group_id": "/subscriptions/52ef1092-0bdf-4ef0-a7da-0819db8fbaf7/resourceGroups/NA-dev-rg/providers/Microsoft.Network/networkSecurityGroups/NA-dev-vnet-websubnet-nsg",
            "subnet_id": "/subscriptions/52ef1092-0bdf-4ef0-a7da-0819db8fbaf7/resourceGroups/NA-dev-rg/providers/Microsoft.Network/virtualNetworks/NA-dev-vnet/subnets/NA-dev-vnet-websubnet",
            "timeouts": null
          },
          "sensitive_attributes": [],
          "private": "eyJlMmJmYjczMC1lY2FhLTExZTYtOGY4OC0zNDM2M2JjN2M0YzAiOnsiY3JlYXRlIjoxODAwMDAwMDAwMDAwLCJkZWxldGUiOjE4MDAwMDAwMDAwMDAsInJlYWQiOjMwMDAwMDAwMDAwMCwidXBkYXRlIjoxODAwMDAwMDAwMDAwfX0=",
          "dependencies": [
            "azurerm_network_security_group.web_subnet_nsg",
            "azurerm_network_security_rule.web_nsg_rule_inbound",
            "azurerm_resource_group.rg-vnet",
            "azurerm_subnet.websubnet",
            "azurerm_virtual_network.vnet"
          ]
        }
      ]
    },
    {
      "mode": "managed",
      "type": "azurerm_virtual_network",
      "name": "vnet",
      "provider": "provider[\"registry.terraform.io/hashicorp/azurerm\"]",
      "instances": [
        {
          "schema_version": 0,
          "attributes": {
            "address_space": [
              "10.1.0.0/16"
            ],
            "bgp_community": "",
            "ddos_protection_plan": [],
            "dns_servers": [],
            "edge_zone": "",
            "flow_timeout_in_minutes": 0,
            "guid": "cf8beff9-b4e5-4d71-a9eb-8de958e835ce",
            "id": "/subscriptions/52ef1092-0bdf-4ef0-a7da-0819db8fbaf7/resourceGroups/NA-dev-rg/providers/Microsoft.Network/virtualNetworks/NA-dev-vnet",
            "location": "eastus2",
            "name": "NA-dev-vnet",
            "resource_group_name": "NA-dev-rg",
            "subnet": [],
            "tags": {
              "environment": "dev",
              "owners": "NA"
            },
            "timeouts": null
          },
          "sensitive_attributes": [],
          "private": "eyJlMmJmYjczMC1lY2FhLTExZTYtOGY4OC0zNDM2M2JjN2M0YzAiOnsiY3JlYXRlIjoxODAwMDAwMDAwMDAwLCJkZWxldGUiOjE4MDAwMDAwMDAwMDAsInJlYWQiOjMwMDAwMDAwMDAwMCwidXBkYXRlIjoxODAwMDAwMDAwMDAwfX0=",
          "dependencies": [
            "azurerm_resource_group.rg-vnet"
          ]
        }
      ]
    }
  ],
  "check_results": null
}
