{
  "version": 4,
  "terraform_version": "1.6.0",
  "serial": 686,
  "lineage": "fc6d8a2f-b71e-6957-5425-f7032b275116",
  "outputs": {},
  "resources": [
    {
      "mode": "managed",
      "type": "azurerm_resource_group",
      "name": "rg-vnet",
      "provider": "provider[\"registry.terraform.io/hashicorp/azurerm\"]",
      "instances": [
        {
          "schema_version": 0,
          "attributes": {
            "id": "/subscriptions/52ef1092-0bdf-4ef0-a7da-0819db8fbaf7/resourceGroups/NA-dev-rg",
            "location": "eastus2",
            "name": "NA-dev-rg",
            "tags": {},
            "timeouts": null
          },
          "sensitive_attributes": [],
          "private": "eyJlMmJmYjczMC1lY2FhLTExZTYtOGY4OC0zNDM2M2JjN2M0YzAiOnsiY3JlYXRlIjo1NDAwMDAwMDAwMDAwLCJkZWxldGUiOjU0MDAwMDAwMDAwMDAsInJlYWQiOjMwMDAwMDAwMDAwMCwidXBkYXRlIjo1NDAwMDAwMDAwMDAwfX0="
        }
      ]
    },
    {
      "mode": "managed",
      "type": "azurerm_subnet",
      "name": "dbsubnet",
      "provider": "provider[\"registry.terraform.io/hashicorp/azurerm\"]",
      "instances": [
        {
          "schema_version": 0,
          "attributes": {
            "address_prefixes": [
              "10.1.21.0/24"
            ],
            "delegation": [],
            "enforce_private_link_endpoint_network_policies": false,
            "enforce_private_link_service_network_policies": false,
            "id": "/subscriptions/52ef1092-0bdf-4ef0-a7da-0819db8fbaf7/resourceGroups/NA-dev-rg/providers/Microsoft.Network/virtualNetworks/NA-dev-vnet/subnets/NA-dev-vnet-dbsubnet",
            "name": "NA-dev-vnet-dbsubnet",
            "resource_group_name": "NA-dev-rg",
            "service_endpoint_policy_ids": [],
            "service_endpoints": [],
            "timeouts": null,
            "virtual_network_name": "NA-dev-vnet"
          },
          "sensitive_attributes": [],
          "private": "eyJlMmJmYjczMC1lY2FhLTExZTYtOGY4OC0zNDM2M2JjN2M0YzAiOnsiY3JlYXRlIjoxODAwMDAwMDAwMDAwLCJkZWxldGUiOjE4MDAwMDAwMDAwMDAsInJlYWQiOjMwMDAwMDAwMDAwMCwidXBkYXRlIjoxODAwMDAwMDAwMDAwfX0=",
          "dependencies": [
            "azurerm_resource_group.rg-vnet",
            "azurerm_virtual_network.vnet"
          ]
        }
      ]
    },
    {
      "mode": "managed",
      "type": "azurerm_virtual_network",
      "name": "vnet",
      "provider": "provider[\"registry.terraform.io/hashicorp/azurerm\"]",
      "instances": [
        {
          "schema_version": 0,
          "attributes": {
            "address_space": [
              "10.1.0.0/16"
            ],
            "bgp_community": "",
            "ddos_protection_plan": [],
            "dns_servers": [],
            "edge_zone": "",
            "flow_timeout_in_minutes": 0,
            "guid": "d950ae3b-aea4-429c-b566-b52e8f483b7d",
            "id": "/subscriptions/52ef1092-0bdf-4ef0-a7da-0819db8fbaf7/resourceGroups/NA-dev-rg/providers/Microsoft.Network/virtualNetworks/NA-dev-vnet",
            "location": "eastus2",
            "name": "NA-dev-vnet",
            "resource_group_name": "NA-dev-rg",
            "subnet": [
              {
                "address_prefix": "10.1.1.0/24",
                "id": "/subscriptions/52ef1092-0bdf-4ef0-a7da-0819db8fbaf7/resourceGroups/NA-dev-rg/providers/Microsoft.Network/virtualNetworks/NA-dev-vnet/subnets/NA-dev-vnet-websubnet",
                "name": "NA-dev-vnet-websubnet",
                "security_group": "/subscriptions/52ef1092-0bdf-4ef0-a7da-0819db8fbaf7/resourceGroups/NA-dev-rg/providers/Microsoft.Network/networkSecurityGroups/NA-dev-vnet-websubnet-nsg"
              },
              {
                "address_prefix": "10.1.100.0/24",
                "id": "/subscriptions/52ef1092-0bdf-4ef0-a7da-0819db8fbaf7/resourceGroups/NA-dev-rg/providers/Microsoft.Network/virtualNetworks/NA-dev-vnet/subnets/NA-dev-vnet-bastionsubnet",
                "name": "NA-dev-vnet-bastionsubnet",
                "security_group": "/subscriptions/52ef1092-0bdf-4ef0-a7da-0819db8fbaf7/resourceGroups/NA-dev-rg/providers/Microsoft.Network/networkSecurityGroups/NA-dev-vnet-bastionsubnet-nsg"
              },
              {
                "address_prefix": "10.1.11.0/24",
                "id": "/subscriptions/52ef1092-0bdf-4ef0-a7da-0819db8fbaf7/resourceGroups/NA-dev-rg/providers/Microsoft.Network/virtualNetworks/NA-dev-vnet/subnets/NA-dev-vnet-appsubnet",
                "name": "NA-dev-vnet-appsubnet",
                "security_group": "/subscriptions/52ef1092-0bdf-4ef0-a7da-0819db8fbaf7/resourceGroups/NA-dev-rg/providers/Microsoft.Network/networkSecurityGroups/NA-dev-vnet-appsubnet-nsg"
              },
              {
                "address_prefix": "10.1.21.0/24",
                "id": "/subscriptions/52ef1092-0bdf-4ef0-a7da-0819db8fbaf7/resourceGroups/NA-dev-rg/providers/Microsoft.Network/virtualNetworks/NA-dev-vnet/subnets/NA-dev-vnet-dbsubnet",
                "name": "NA-dev-vnet-dbsubnet",
                "security_group": "/subscriptions/52ef1092-0bdf-4ef0-a7da-0819db8fbaf7/resourceGroups/NA-dev-rg/providers/Microsoft.Network/networkSecurityGroups/NA-dev-vnet-dbsubnet-nsg"
              }
            ],
            "tags": {
              "environment": "dev",
              "owners": "NA"
            },
            "timeouts": null
          },
          "sensitive_attributes": [],
          "private": "eyJlMmJmYjczMC1lY2FhLTExZTYtOGY4OC0zNDM2M2JjN2M0YzAiOnsiY3JlYXRlIjoxODAwMDAwMDAwMDAwLCJkZWxldGUiOjE4MDAwMDAwMDAwMDAsInJlYWQiOjMwMDAwMDAwMDAwMCwidXBkYXRlIjoxODAwMDAwMDAwMDAwfX0=",
          "dependencies": [
            "azurerm_resource_group.rg-vnet"
          ]
        }
      ]
    }
  ],
  "check_results": null
}
